
Microsoft Visual Studio Solution File, Format Version 12.00
# Visual Studio Version 16
VisualStudioVersion = 16.0.31605.320
MinimumVisualStudioVersion = 10.0.40219.1
Project("{FAE04EC0-301F-11D3-BF4B-00C04F79EFBC}") = "JsonInventor", "JsonInventor\JsonInventor.csproj", "{2EDD24FB-D85F-4A87-BA65-B44FD4732CE4}"
EndProject
Global
	GlobalSection(SolutionConfigurationPlatforms) = preSolution
		Debug|Any CPU = Debug|Any CPU
		Release|Any CPU = Release|Any CPU
	EndGlobalSection
	GlobalSection(ProjectConfigurationPlatforms) = postSolution
		{2EDD24FB-D85F-4A87-BA65-B44FD4732CE4}.Debug|Any CPU.ActiveCfg = Debug|Any CPU
		{2EDD24FB-D85F-4A87-BA65-B44FD4732CE4}.Debug|Any CPU.Build.0 = Debug|Any CPU
		{2EDD24FB-D85F-4A87-BA65-B44FD4732CE4}.Release|Any CPU.ActiveCfg = Release|Any CPU
		{2EDD24FB-D85F-4A87-BA65-B44FD4732CE4}.Release|Any CPU.Build.0 = Release|Any CPU
	EndGlobalSection
	GlobalSection(SolutionProperties) = preSolution
		HideSolutionNode = FALSE
	EndGlobalSection
	GlobalSection(ExtensibilityGlobals) = postSolution
		SolutionGuid = {D0E19B5B-57AE-4CB9-932A-AD454317B74E}
	EndGlobalSection
EndGlobal
